
Microsoft Visual Studio Solution File, Format Version 12.00
# Visual Studio Version 16
VisualStudioVersion = 16.0.31410.357
MinimumVisualStudioVersion = 10.0.40219.1
Project("{FAE04EC0-301F-11D3-BF4B-00C04F79EFBC}") = "WeatherApp", "WeatherApp\WeatherApp.csproj", "{FBB04A6A-4EB8-4848-BAF3-6B5D6840CDF0}"
EndProject
Global
	GlobalSection(SolutionConfigurationPlatforms) = preSolution
		Debug|Any CPU = Debug|Any CPU
		Release|Any CPU = Release|Any CPU
	EndGlobalSection
	GlobalSection(ProjectConfigurationPlatforms) = postSolution
		{FBB04A6A-4EB8-4848-BAF3-6B5D6840CDF0}.Debug|Any CPU.ActiveCfg = Debug|Any CPU
		{FBB04A6A-4EB8-4848-BAF3-6B5D6840CDF0}.Debug|Any CPU.Build.0 = Debug|Any CPU
		{FBB04A6A-4EB8-4848-BAF3-6B5D6840CDF0}.Release|Any CPU.ActiveCfg = Release|Any CPU
		{FBB04A6A-4EB8-4848-BAF3-6B5D6840CDF0}.Release|Any CPU.Build.0 = Release|Any CPU
	EndGlobalSection
	GlobalSection(SolutionProperties) = preSolution
		HideSolutionNode = FALSE
	EndGlobalSection
	GlobalSection(ExtensibilityGlobals) = postSolution
		SolutionGuid = {9D0DE563-8387-4153-9814-D54BC79901D2}
	EndGlobalSection
EndGlobal
